
Microsoft Visual Studio Solution File, Format Version 12.00
# Visual Studio Version 17
VisualStudioVersion = 17.0.32014.148
MinimumVisualStudioVersion = 10.0.40219.1
Project("{9A19103F-16F7-4668-BE54-9A1E7A4F7556}") = "ConsoleApp1209", "ConsoleApp1209\ConsoleApp1209.csproj", "{E66C75D2-16C0-4A73-AD96-CE4D0C6DA887}"
EndProject
Project("{9A19103F-16F7-4668-BE54-9A1E7A4F7556}") = "ConsoleApp1209-1", "ConsoleApp1209-1\ConsoleApp1209-1.csproj", "{1A9D49D5-5BD0-4F06-9885-E544370AD9D8}"
EndProject
Project("{9A19103F-16F7-4668-BE54-9A1E7A4F7556}") = "ConsoleApp1209-2", "ConsoleApp1209-2\ConsoleApp1209-2.csproj", "{1ECC8A78-FDED-473D-9CB6-52C325677B6B}"
EndProject
Project("{9A19103F-16F7-4668-BE54-9A1E7A4F7556}") = "ConsoleApp1209-3", "ConsoleApp1209-3\ConsoleApp1209-3.csproj", "{D389B443-A91B-4D83-B34B-1F353C04757C}"
EndProject
Project("{9A19103F-16F7-4668-BE54-9A1E7A4F7556}") = "ConsoleApp1214", "ConsoleApp1214\ConsoleApp1214.csproj", "{1BA0FEB8-C3FF-42D7-803F-5329A5E16259}"
EndProject
Project("{9A19103F-16F7-4668-BE54-9A1E7A4F7556}") = "ConsoleApp1214-1", "ConsoleApp1214-1\ConsoleApp1214-1.csproj", "{DFFD75D4-F175-42B8-8FF9-A14A498B8BFE}"
EndProject
Project("{9A19103F-16F7-4668-BE54-9A1E7A4F7556}") = "ConsoleApp1214-2", "ConsoleApp1214-2\ConsoleApp1214-2.csproj", "{C2F8C08A-9292-431D-B3C4-DB7730337B19}"
EndProject
Project("{9A19103F-16F7-4668-BE54-9A1E7A4F7556}") = "ConsoleApp1216", "ConsoleApp1216\ConsoleApp1216.csproj", "{4C7AE18B-9C6B-42F8-B5B9-90336BC4CE5D}"
EndProject
Project("{9A19103F-16F7-4668-BE54-9A1E7A4F7556}") = "스태틱 샘플", "스태틱 샘플\스태틱 샘플.csproj", "{D524F63F-2C5E-40DF-8C81-F3665A67369A}"
EndProject
Project("{9A19103F-16F7-4668-BE54-9A1E7A4F7556}") = "Unity lesson Cshap operate", "Unity lesson Cshap operate\Unity lesson Cshap operate.csproj", "{3C2FBF5A-98C2-4EDF-A624-EFCDE399D4DA}"
EndProject
Project("{9A19103F-16F7-4668-BE54-9A1E7A4F7556}") = "C샵 array", "C샵 array\C샵 array.csproj", "{EFB09A11-E155-4657-A99F-579F84F47054}"
EndProject
Project("{9A19103F-16F7-4668-BE54-9A1E7A4F7556}") = "UnityLessonCsharp while roop", "UnityLessonCsharp while roop\UnityLessonCsharp while roop.csproj", "{B95D9506-F444-4450-9F74-16BE8A8976A5}"
EndProject
Project("{9A19103F-16F7-4668-BE54-9A1E7A4F7556}") = "UnityLessonCsharp forroop", "UnityLessonCsharp forroop\UnityLessonCsharp forroop.csproj", "{20FD7476-32CC-4C42-886C-0D864A24E596}"
EndProject
Project("{9A19103F-16F7-4668-BE54-9A1E7A4F7556}") = "UnityLessonCsharp forloop", "UnityLessonCsharp forloop\UnityLessonCsharp forloop.csproj", "{D88D90EC-8124-48D1-A51F-969C190D6EEF}"
EndProject
Project("{9A19103F-16F7-4668-BE54-9A1E7A4F7556}") = "UnityLessonCsharp ForLoopExample", "UnityLessonCsharp ForLoopExample\UnityLessonCsharp ForLoopExample.csproj", "{F8700DB3-5B8D-4D6F-8E97-69E000390DF9}"
EndProject
Project("{9A19103F-16F7-4668-BE54-9A1E7A4F7556}") = "UnityLessonCsharp Collection", "UnityLessonCsharp Collection\UnityLessonCsharp Collection.csproj", "{FD1E76E6-E417-4037-BCDA-73F5DD47FC66}"
EndProject
Project("{9A19103F-16F7-4668-BE54-9A1E7A4F7556}") = "UnityLessonCsharpEnum", "UnityLessonCsharpEnum\UnityLessonCsharpEnum.csproj", "{30B35FC0-2772-4901-A799-16CBE8A8A609}"
EndProject
Project("{9A19103F-16F7-4668-BE54-9A1E7A4F7556}") = "UnityLessonCsharp structure", "UnityLessonCsharp structure\UnityLessonCsharp structure.csproj", "{0D0980A6-0403-4893-B661-DDF12FD7D68C}"
EndProject
Project("{9A19103F-16F7-4668-BE54-9A1E7A4F7556}") = "UnityLessonCsharp garbageCollecter", "UnityLessonCsharp garbageCollecter\UnityLessonCsharp garbageCollecter.csproj", "{0DEE8055-3440-4DBE-BCE7-AA15A1D80B41}"
EndProject
Project("{9A19103F-16F7-4668-BE54-9A1E7A4F7556}") = "UnityLessonCsharpClassInheritance", "UnityLessonCsharpClassInheritence\UnityLessonCsharpClassInheritance.csproj", "{EE936570-8F2F-4353-BD6D-E8167AD86BC2}"
EndProject
Project("{9A19103F-16F7-4668-BE54-9A1E7A4F7556}") = "UnityLessonCsarp Solid", "UnityLessonCsarp Solid\UnityLessonCsarp Solid.csproj", "{044C8737-ED13-4106-9C33-E03B90E156ED}"
EndProject
Project("{FAE04EC0-301F-11D3-BF4B-00C04F79EFBC}") = "UnityLessonCsharpDelegate", "UnityLessonCsharpDelegate\UnityLessonCsharpDelegate.csproj", "{2FA62FE6-3829-4256-AB3B-213844E7C5F1}"
EndProject
Project("{FAE04EC0-301F-11D3-BF4B-00C04F79EFBC}") = "UnityLessonCsharp Delegate", "UnityLessonCsharp Delegate\UnityLessonCsharp Delegate.csproj", "{40876CC9-50EA-4E0F-BE93-53EFE43B42D3}"
EndProject
Project("{9A19103F-16F7-4668-BE54-9A1E7A4F7556}") = "UnityLessonCsharpHolseRacing", "UnityLessonCsharpHolseRacing\UnityLessonCsharpHolseRacing.csproj", "{82939557-210B-40D9-A8DB-0A392DCA3177}"
EndProject
Project("{FAE04EC0-301F-11D3-BF4B-00C04F79EFBC}") = "UnityLessonCsharpDiceGame", "UnityLessonCsharpDiceGame\UnityLessonCsharpDiceGame.csproj", "{F0B1259D-8C3F-48CA-8C3C-696FDDE07C42}"
EndProject
Global
	GlobalSection(SolutionConfigurationPlatforms) = preSolution
		Debug|Any CPU = Debug|Any CPU
		Release|Any CPU = Release|Any CPU
	EndGlobalSection
	GlobalSection(ProjectConfigurationPlatforms) = postSolution
		{E66C75D2-16C0-4A73-AD96-CE4D0C6DA887}.Debug|Any CPU.ActiveCfg = Debug|Any CPU
		{E66C75D2-16C0-4A73-AD96-CE4D0C6DA887}.Debug|Any CPU.Build.0 = Debug|Any CPU
		{E66C75D2-16C0-4A73-AD96-CE4D0C6DA887}.Release|Any CPU.ActiveCfg = Release|Any CPU
		{E66C75D2-16C0-4A73-AD96-CE4D0C6DA887}.Release|Any CPU.Build.0 = Release|Any CPU
		{1A9D49D5-5BD0-4F06-9885-E544370AD9D8}.Debug|Any CPU.ActiveCfg = Debug|Any CPU
		{1A9D49D5-5BD0-4F06-9885-E544370AD9D8}.Debug|Any CPU.Build.0 = Debug|Any CPU
		{1A9D49D5-5BD0-4F06-9885-E544370AD9D8}.Release|Any CPU.ActiveCfg = Release|Any CPU
		{1A9D49D5-5BD0-4F06-9885-E544370AD9D8}.Release|Any CPU.Build.0 = Release|Any CPU
		{1ECC8A78-FDED-473D-9CB6-52C325677B6B}.Debug|Any CPU.ActiveCfg = Debug|Any CPU
		{1ECC8A78-FDED-473D-9CB6-52C325677B6B}.Debug|Any CPU.Build.0 = Debug|Any CPU
		{1ECC8A78-FDED-473D-9CB6-52C325677B6B}.Release|Any CPU.ActiveCfg = Release|Any CPU
		{1ECC8A78-FDED-473D-9CB6-52C325677B6B}.Release|Any CPU.Build.0 = Release|Any CPU
		{D389B443-A91B-4D83-B34B-1F353C04757C}.Debug|Any CPU.ActiveCfg = Debug|Any CPU
		{D389B443-A91B-4D83-B34B-1F353C04757C}.Debug|Any CPU.Build.0 = Debug|Any CPU
		{D389B443-A91B-4D83-B34B-1F353C04757C}.Release|Any CPU.ActiveCfg = Release|Any CPU
		{D389B443-A91B-4D83-B34B-1F353C04757C}.Release|Any CPU.Build.0 = Release|Any CPU
		{1BA0FEB8-C3FF-42D7-803F-5329A5E16259}.Debug|Any CPU.ActiveCfg = Debug|Any CPU
		{1BA0FEB8-C3FF-42D7-803F-5329A5E16259}.Debug|Any CPU.Build.0 = Debug|Any CPU
		{1BA0FEB8-C3FF-42D7-803F-5329A5E16259}.Release|Any CPU.ActiveCfg = Release|Any CPU
		{1BA0FEB8-C3FF-42D7-803F-5329A5E16259}.Release|Any CPU.Build.0 = Release|Any CPU
		{DFFD75D4-F175-42B8-8FF9-A14A498B8BFE}.Debug|Any CPU.ActiveCfg = Debug|Any CPU
		{DFFD75D4-F175-42B8-8FF9-A14A498B8BFE}.Debug|Any CPU.Build.0 = Debug|Any CPU
		{DFFD75D4-F175-42B8-8FF9-A14A498B8BFE}.Release|Any CPU.ActiveCfg = Release|Any CPU
		{DFFD75D4-F175-42B8-8FF9-A14A498B8BFE}.Release|Any CPU.Build.0 = Release|Any CPU
		{C2F8C08A-9292-431D-B3C4-DB7730337B19}.Debug|Any CPU.ActiveCfg = Debug|Any CPU
		{C2F8C08A-9292-431D-B3C4-DB7730337B19}.Debug|Any CPU.Build.0 = Debug|Any CPU
		{C2F8C08A-9292-431D-B3C4-DB7730337B19}.Release|Any CPU.ActiveCfg = Release|Any CPU
		{C2F8C08A-9292-431D-B3C4-DB7730337B19}.Release|Any CPU.Build.0 = Release|Any CPU
		{4C7AE18B-9C6B-42F8-B5B9-90336BC4CE5D}.Debug|Any CPU.ActiveCfg = Debug|Any CPU
		{4C7AE18B-9C6B-42F8-B5B9-90336BC4CE5D}.Debug|Any CPU.Build.0 = Debug|Any CPU
		{4C7AE18B-9C6B-42F8-B5B9-90336BC4CE5D}.Release|Any CPU.ActiveCfg = Release|Any CPU
		{4C7AE18B-9C6B-42F8-B5B9-90336BC4CE5D}.Release|Any CPU.Build.0 = Release|Any CPU
		{D524F63F-2C5E-40DF-8C81-F3665A67369A}.Debug|Any CPU.ActiveCfg = Debug|Any CPU
		{D524F63F-2C5E-40DF-8C81-F3665A67369A}.Debug|Any CPU.Build.0 = Debug|Any CPU
		{D524F63F-2C5E-40DF-8C81-F3665A67369A}.Release|Any CPU.ActiveCfg = Release|Any CPU
		{D524F63F-2C5E-40DF-8C81-F3665A67369A}.Release|Any CPU.Build.0 = Release|Any CPU
		{3C2FBF5A-98C2-4EDF-A624-EFCDE399D4DA}.Debug|Any CPU.ActiveCfg = Debug|Any CPU
		{3C2FBF5A-98C2-4EDF-A624-EFCDE399D4DA}.Debug|Any CPU.Build.0 = Debug|Any CPU
		{3C2FBF5A-98C2-4EDF-A624-EFCDE399D4DA}.Release|Any CPU.ActiveCfg = Release|Any CPU
		{3C2FBF5A-98C2-4EDF-A624-EFCDE399D4DA}.Release|Any CPU.Build.0 = Release|Any CPU
		{EFB09A11-E155-4657-A99F-579F84F47054}.Debug|Any CPU.ActiveCfg = Debug|Any CPU
		{EFB09A11-E155-4657-A99F-579F84F47054}.Debug|Any CPU.Build.0 = Debug|Any CPU
		{EFB09A11-E155-4657-A99F-579F84F47054}.Release|Any CPU.ActiveCfg = Release|Any CPU
		{EFB09A11-E155-4657-A99F-579F84F47054}.Release|Any CPU.Build.0 = Release|Any CPU
		{B95D9506-F444-4450-9F74-16BE8A8976A5}.Debug|Any CPU.ActiveCfg = Debug|Any CPU
		{B95D9506-F444-4450-9F74-16BE8A8976A5}.Debug|Any CPU.Build.0 = Debug|Any CPU
		{B95D9506-F444-4450-9F74-16BE8A8976A5}.Release|Any CPU.ActiveCfg = Release|Any CPU
		{B95D9506-F444-4450-9F74-16BE8A8976A5}.Release|Any CPU.Build.0 = Release|Any CPU
		{20FD7476-32CC-4C42-886C-0D864A24E596}.Debug|Any CPU.ActiveCfg = Debug|Any CPU
		{20FD7476-32CC-4C42-886C-0D864A24E596}.Debug|Any CPU.Build.0 = Debug|Any CPU
		{20FD7476-32CC-4C42-886C-0D864A24E596}.Release|Any CPU.ActiveCfg = Release|Any CPU
		{20FD7476-32CC-4C42-886C-0D864A24E596}.Release|Any CPU.Build.0 = Release|Any CPU
		{D88D90EC-8124-48D1-A51F-969C190D6EEF}.Debug|Any CPU.ActiveCfg = Debug|Any CPU
		{D88D90EC-8124-48D1-A51F-969C190D6EEF}.Debug|Any CPU.Build.0 = Debug|Any CPU
		{D88D90EC-8124-48D1-A51F-969C190D6EEF}.Release|Any CPU.ActiveCfg = Release|Any CPU
		{D88D90EC-8124-48D1-A51F-969C190D6EEF}.Release|Any CPU.Build.0 = Release|Any CPU
		{F8700DB3-5B8D-4D6F-8E97-69E000390DF9}.Debug|Any CPU.ActiveCfg = Debug|Any CPU
		{F8700DB3-5B8D-4D6F-8E97-69E000390DF9}.Debug|Any CPU.Build.0 = Debug|Any CPU
		{F8700DB3-5B8D-4D6F-8E97-69E000390DF9}.Release|Any CPU.ActiveCfg = Release|Any CPU
		{F8700DB3-5B8D-4D6F-8E97-69E000390DF9}.Release|Any CPU.Build.0 = Release|Any CPU
		{FD1E76E6-E417-4037-BCDA-73F5DD47FC66}.Debug|Any CPU.ActiveCfg = Debug|Any CPU
		{FD1E76E6-E417-4037-BCDA-73F5DD47FC66}.Debug|Any CPU.Build.0 = Debug|Any CPU
		{FD1E76E6-E417-4037-BCDA-73F5DD47FC66}.Release|Any CPU.ActiveCfg = Release|Any CPU
		{FD1E76E6-E417-4037-BCDA-73F5DD47FC66}.Release|Any CPU.Build.0 = Release|Any CPU
		{30B35FC0-2772-4901-A799-16CBE8A8A609}.Debug|Any CPU.ActiveCfg = Debug|Any CPU
		{30B35FC0-2772-4901-A799-16CBE8A8A609}.Debug|Any CPU.Build.0 = Debug|Any CPU
		{30B35FC0-2772-4901-A799-16CBE8A8A609}.Release|Any CPU.ActiveCfg = Release|Any CPU
		{30B35FC0-2772-4901-A799-16CBE8A8A609}.Release|Any CPU.Build.0 = Release|Any CPU
		{0D0980A6-0403-4893-B661-DDF12FD7D68C}.Debug|Any CPU.ActiveCfg = Debug|Any CPU
		{0D0980A6-0403-4893-B661-DDF12FD7D68C}.Debug|Any CPU.Build.0 = Debug|Any CPU
		{0D0980A6-0403-4893-B661-DDF12FD7D68C}.Release|Any CPU.ActiveCfg = Release|Any CPU
		{0D0980A6-0403-4893-B661-DDF12FD7D68C}.Release|Any CPU.Build.0 = Release|Any CPU
		{0DEE8055-3440-4DBE-BCE7-AA15A1D80B41}.Debug|Any CPU.ActiveCfg = Debug|Any CPU
		{0DEE8055-3440-4DBE-BCE7-AA15A1D80B41}.Debug|Any CPU.Build.0 = Debug|Any CPU
		{0DEE8055-3440-4DBE-BCE7-AA15A1D80B41}.Release|Any CPU.ActiveCfg = Release|Any CPU
		{0DEE8055-3440-4DBE-BCE7-AA15A1D80B41}.Release|Any CPU.Build.0 = Release|Any CPU
		{EE936570-8F2F-4353-BD6D-E8167AD86BC2}.Debug|Any CPU.ActiveCfg = Debug|Any CPU
		{EE936570-8F2F-4353-BD6D-E8167AD86BC2}.Debug|Any CPU.Build.0 = Debug|Any CPU
		{EE936570-8F2F-4353-BD6D-E8167AD86BC2}.Release|Any CPU.ActiveCfg = Release|Any CPU
		{EE936570-8F2F-4353-BD6D-E8167AD86BC2}.Release|Any CPU.Build.0 = Release|Any CPU
		{044C8737-ED13-4106-9C33-E03B90E156ED}.Debug|Any CPU.ActiveCfg = Debug|Any CPU
		{044C8737-ED13-4106-9C33-E03B90E156ED}.Debug|Any CPU.Build.0 = Debug|Any CPU
		{044C8737-ED13-4106-9C33-E03B90E156ED}.Release|Any CPU.ActiveCfg = Release|Any CPU
		{044C8737-ED13-4106-9C33-E03B90E156ED}.Release|Any CPU.Build.0 = Release|Any CPU
		{2FA62FE6-3829-4256-AB3B-213844E7C5F1}.Debug|Any CPU.ActiveCfg = Debug|Any CPU
		{2FA62FE6-3829-4256-AB3B-213844E7C5F1}.Debug|Any CPU.Build.0 = Debug|Any CPU
		{2FA62FE6-3829-4256-AB3B-213844E7C5F1}.Release|Any CPU.ActiveCfg = Release|Any CPU
		{2FA62FE6-3829-4256-AB3B-213844E7C5F1}.Release|Any CPU.Build.0 = Release|Any CPU
		{40876CC9-50EA-4E0F-BE93-53EFE43B42D3}.Debug|Any CPU.ActiveCfg = Debug|Any CPU
		{40876CC9-50EA-4E0F-BE93-53EFE43B42D3}.Debug|Any CPU.Build.0 = Debug|Any CPU
		{40876CC9-50EA-4E0F-BE93-53EFE43B42D3}.Release|Any CPU.ActiveCfg = Release|Any CPU
		{40876CC9-50EA-4E0F-BE93-53EFE43B42D3}.Release|Any CPU.Build.0 = Release|Any CPU
		{82939557-210B-40D9-A8DB-0A392DCA3177}.Debug|Any CPU.ActiveCfg = Debug|Any CPU
		{82939557-210B-40D9-A8DB-0A392DCA3177}.Debug|Any CPU.Build.0 = Debug|Any CPU
		{82939557-210B-40D9-A8DB-0A392DCA3177}.Release|Any CPU.ActiveCfg = Release|Any CPU
		{82939557-210B-40D9-A8DB-0A392DCA3177}.Release|Any CPU.Build.0 = Release|Any CPU
		{F0B1259D-8C3F-48CA-8C3C-696FDDE07C42}.Debug|Any CPU.ActiveCfg = Debug|Any CPU
		{F0B1259D-8C3F-48CA-8C3C-696FDDE07C42}.Debug|Any CPU.Build.0 = Debug|Any CPU
		{F0B1259D-8C3F-48CA-8C3C-696FDDE07C42}.Release|Any CPU.ActiveCfg = Release|Any CPU
		{F0B1259D-8C3F-48CA-8C3C-696FDDE07C42}.Release|Any CPU.Build.0 = Release|Any CPU
	EndGlobalSection
	GlobalSection(SolutionProperties) = preSolution
		HideSolutionNode = FALSE
	EndGlobalSection
	GlobalSection(ExtensibilityGlobals) = postSolution
		SolutionGuid = {65E614E0-B655-41ED-A5D7-54E3138DB984}
	EndGlobalSection
EndGlobal
