
Microsoft Visual Studio Solution File, Format Version 12.00
# Visual Studio Version 16
VisualStudioVersion = 16.0.31911.196
MinimumVisualStudioVersion = 10.0.40219.1
Project("{FAE04EC0-301F-11D3-BF4B-00C04F79EFBC}") = "project C샵", "project C샵\project C샵.csproj", "{9B130CE3-F963-4111-9016-CE6E2C1A8511}"
EndProject
Global
	GlobalSection(SolutionConfigurationPlatforms) = preSolution
		Debug|Any CPU = Debug|Any CPU
		Release|Any CPU = Release|Any CPU
	EndGlobalSection
	GlobalSection(ProjectConfigurationPlatforms) = postSolution
		{9B130CE3-F963-4111-9016-CE6E2C1A8511}.Debug|Any CPU.ActiveCfg = Debug|Any CPU
		{9B130CE3-F963-4111-9016-CE6E2C1A8511}.Debug|Any CPU.Build.0 = Debug|Any CPU
		{9B130CE3-F963-4111-9016-CE6E2C1A8511}.Release|Any CPU.ActiveCfg = Release|Any CPU
		{9B130CE3-F963-4111-9016-CE6E2C1A8511}.Release|Any CPU.Build.0 = Release|Any CPU
	EndGlobalSection
	GlobalSection(SolutionProperties) = preSolution
		HideSolutionNode = FALSE
	EndGlobalSection
	GlobalSection(ExtensibilityGlobals) = postSolution
		SolutionGuid = {576E51DD-FE62-4792-A900-91593E7F1317}
	EndGlobalSection
EndGlobal
